
Microsoft Visual Studio Solution File, Format Version 12.00
# Visual Studio Version 16
VisualStudioVersion = 16.0.30225.117
MinimumVisualStudioVersion = 10.0.40219.1
Project("{FAE04EC0-301F-11D3-BF4B-00C04F79EFBC}") = "РГР", "РГР.csproj", "{3780E30D-B851-4AEE-9F62-58BEE7453636}"
EndProject
Global
	GlobalSection(SolutionConfigurationPlatforms) = preSolution
		Debug|Any CPU = Debug|Any CPU
		Release|Any CPU = Release|Any CPU
	EndGlobalSection
	GlobalSection(ProjectConfigurationPlatforms) = postSolution
		{3780E30D-B851-4AEE-9F62-58BEE7453636}.Debug|Any CPU.ActiveCfg = Debug|Any CPU
		{3780E30D-B851-4AEE-9F62-58BEE7453636}.Debug|Any CPU.Build.0 = Debug|Any CPU
		{3780E30D-B851-4AEE-9F62-58BEE7453636}.Release|Any CPU.ActiveCfg = Release|Any CPU
		{3780E30D-B851-4AEE-9F62-58BEE7453636}.Release|Any CPU.Build.0 = Release|Any CPU
	EndGlobalSection
	GlobalSection(SolutionProperties) = preSolution
		HideSolutionNode = FALSE
	EndGlobalSection
	GlobalSection(ExtensibilityGlobals) = postSolution
		SolutionGuid = {FDBD9FF4-F448-463B-8E93-1557C55DFF38}
	EndGlobalSection
EndGlobal
